<?xml version="1.0" encoding="utf-8"?>
<Project ToolsVersion="4.0" xmlns="http://schemas.microsoft.com/developer/msbuild/2003">
  <ItemGroup>
    <Filter Include="Source Files">
      <UniqueIdentifier>{f0d36e75-3637-4dea-8e58-4142275348ab}</UniqueIdentifier>
      <Extensions>cpp;c;cxx;rc;def;r;odl;idl;hpj;bat;for;f90</Extensions>
    </Filter>
    <Filter Include="Header Files">
      <UniqueIdentifier>{d82cdce3-a52e-4670-a7ad-af006e51d574}</UniqueIdentifier>
      <Extensions>h;hpp;hxx;hm;inl;fi;fd</Extensions>
    </Filter>
    <Filter Include="Resource Files">
      <UniqueIdentifier>{abe27271-ef26-46b1-9a41-9abfc0cf21d7}</UniqueIdentifier>
      <Extensions>ico;cur;bmp;dlg;rc2;rct;bin;cnt;rtf;gif;jpg;jpeg;jpe</Extensions>
    </Filter>
    <Filter Include="Tools">
      <UniqueIdentifier>{9eba92fc-0da6-4a6a-9d88-22eb96696a48}</UniqueIdentifier>
    </Filter>
    <Filter Include="Backbuffer">
      <UniqueIdentifier>{23b50385-313e-4097-a2cc-4e908329adfa}</UniqueIdentifier>
    </Filter>
  </ItemGroup>
  <ItemGroup>
    <ClCompile Include="src\ParticleContainer.cpp">
      <Filter>Source Files</Filter>
    </ClCompile>
    <ClCompile Include="src\ParticleFire.cpp">
      <Filter>Source Files</Filter>
    </ClCompile>
    <ClCompile Include="src\ParticleParticle.cpp">
      <Filter>Source Files</Filter>
    </ClCompile>
    <ClCompile Include="src\ParticleRegistry.cpp">
      <Filter>Source Files</Filter>
    </ClCompile>
    <ClCompile Include="src\ParticleScreen.cpp">
      <Filter>Source Files</Filter>
    </ClCompile>
    <ClCompile Include="src\Tools\Basis.cpp">
      <Filter>Tools</Filter>
    </ClCompile>
    <ClCompile Include="src\Tools\CStr.cpp">
      <Filter>Tools</Filter>
    </ClCompile>
    <ClCompile Include="src\Tools\Image.cpp">
      <Filter>Tools</Filter>
    </ClCompile>
    <ClCompile Include="src\Tools\neuquant.c">
      <Filter>Tools</Filter>
    </ClCompile>
    <ClCompile Include="src\Tools\Quantizer.cpp">
      <Filter>Tools</Filter>
    </ClCompile>
    <ClCompile Include="src\Tools\Reg.cpp">
      <Filter>Tools</Filter>
    </ClCompile>
    <ClCompile Include="src\Tools\Timer.cpp">
      <Filter>Tools</Filter>
    </ClCompile>
    <ClCompile Include="src\BackBuffer\BackBuffer.cpp">
      <Filter>Backbuffer</Filter>
    </ClCompile>
    <ClCompile Include="src\BackBuffer\cdib.cpp">
      <Filter>Backbuffer</Filter>
    </ClCompile>
  </ItemGroup>
  <ItemGroup>
    <ResourceCompile Include="src\Script1.rc">
      <Filter>Source Files</Filter>
    </ResourceCompile>
  </ItemGroup>
  <ItemGroup>
    <ClInclude Include="src\defines.h">
      <Filter>Header Files</Filter>
    </ClInclude>
    <ClInclude Include="src\ParticleContainer.hpp">
      <Filter>Header Files</Filter>
    </ClInclude>
    <ClInclude Include="src\ParticleFire.h">
      <Filter>Header Files</Filter>
    </ClInclude>
    <ClInclude Include="src\ParticleParticle.hpp">
      <Filter>Header Files</Filter>
    </ClInclude>
    <ClInclude Include="src\ParticleRegistry.hpp">
      <Filter>Header Files</Filter>
    </ClInclude>
    <ClInclude Include="src\ParticleScreen.hpp">
      <Filter>Header Files</Filter>
    </ClInclude>
    <ClInclude Include="src\resource.h">
      <Filter>Header Files</Filter>
    </ClInclude>
    <ClInclude Include="src\textStuff.h">
      <Filter>Header Files</Filter>
    </ClInclude>
    <ClInclude Include="src\Tools\Basis.h">
      <Filter>Tools</Filter>
    </ClInclude>
    <ClInclude Include="src\Tools\CStr.h">
      <Filter>Tools</Filter>
    </ClInclude>
    <ClInclude Include="src\Tools\neuquant.h">
      <Filter>Tools</Filter>
    </ClInclude>
    <ClInclude Include="src\Tools\Reg.h">
      <Filter>Tools</Filter>
    </ClInclude>
    <ClInclude Include="src\Tools\Timer.h">
      <Filter>Tools</Filter>
    </ClInclude>
    <ClInclude Include="src\BackBuffer\BackBuffer.h">
      <Filter>Backbuffer</Filter>
    </ClInclude>
    <ClInclude Include="src\BackBuffer\cdib.h">
      <Filter>Backbuffer</Filter>
    </ClInclude>
  </ItemGroup>
  <ItemGroup>
    <Image Include="src\LDA.ico">
      <Filter>Resource Files</Filter>
    </Image>
  </ItemGroup>
</Project>